
Microsoft Visual Studio Solution File, Format Version 12.00
# Visual Studio 15
VisualStudioVersion = 15.0.28307.168
MinimumVisualStudioVersion = 10.0.40219.1
Project("{FAE04EC0-301F-11D3-BF4B-00C04F79EFBC}") = "Radar", "Radar\Radar.csproj", "{1D8A1078-4C74-4B30-8C6A-4B8E65BAADD4}"
EndProject
Global
	GlobalSection(SolutionConfigurationPlatforms) = preSolution
		Debug|Any CPU = Debug|Any CPU
		Release|Any CPU = Release|Any CPU
	EndGlobalSection
	GlobalSection(ProjectConfigurationPlatforms) = postSolution
		{1D8A1078-4C74-4B30-8C6A-4B8E65BAADD4}.Debug|Any CPU.ActiveCfg = Debug|Any CPU
		{1D8A1078-4C74-4B30-8C6A-4B8E65BAADD4}.Debug|Any CPU.Build.0 = Debug|Any CPU
		{1D8A1078-4C74-4B30-8C6A-4B8E65BAADD4}.Release|Any CPU.ActiveCfg = Release|Any CPU
		{1D8A1078-4C74-4B30-8C6A-4B8E65BAADD4}.Release|Any CPU.Build.0 = Release|Any CPU
	EndGlobalSection
	GlobalSection(SolutionProperties) = preSolution
		HideSolutionNode = FALSE
	EndGlobalSection
	GlobalSection(ExtensibilityGlobals) = postSolution
		SolutionGuid = {328C8788-978E-4439-B3F3-1674E2D999C6}
	EndGlobalSection
EndGlobal
